# This file is automatically @generated by Cargo.
# It is not intended for manual editing.
version = 4

[[package]]
name = "core"
version = "0.1.0"
dependencies = [
 "p1",
]

[[package]]
name = "evil"
version = "0.1.0"
dependencies = [
 "outside",
]

[[package]]
name = "misplaced"
version = "0.1.0"

[[package]]
name = "outside"
version = "0.1.0"

[[package]]
name = "p1"
version = "0.1.0"
dependencies = [
 "evil",
]
