# This file is automatically @generated by Cargo.
# It is not intended for manual editing.
version = 4

[[package]]
name = "high"
version = "0.1.0"

[[package]]
name = "low"
version = "0.1.0"
dependencies = [
 "high",
 "mid",
]

[[package]]
name = "mid"
version = "0.1.0"
dependencies = [
 "low",
 "peer",
]

[[package]]
name = "peer"
version = "0.1.0"
dependencies = [
 "high",
]
